// !$*UTF8*$!
{
	archiveVersion = 1;
	classes = {
	};
	objectVersion = 55;
	objects = {

/* Begin PBXBuildFile section */
		76BCB91439A1D27E8701CE6F /* Pods_ParstagramTests.framework in Frameworks */ = {isa = PBXBuildFile; fileRef = 5794642553616792FF3F9C98 /* Pods_ParstagramTests.framework */; };
		7C84DC60F92F6B024C131765 /* Pods_Parstagram_ParstagramUITests.framework in Frameworks */ = {isa = PBXBuildFile; fileRef = DE43E95D8BB976260E1B0770 /* Pods_Parstagram_ParstagramUITests.framework */; };
		A49A853540A1631A98885982 /* Pods_Parstagram.framework in Frameworks */ = {isa = PBXBuildFile; fileRef = 69AF7742EA7606517B99C12A /* Pods_Parstagram.framework */; };
		BFFDD46327D04CFF00A66A20 /* AppDelegate.swift in Sources */ = {isa = PBXBuildFile; fileRef = BFFDD46227D04CFF00A66A20 /* AppDelegate.swift */; };
		BFFDD46527D04CFF00A66A20 /* SceneDelegate.swift in Sources */ = {isa = PBXBuildFile; fileRef = BFFDD46427D04CFF00A66A20 /* SceneDelegate.swift */; };
		BFFDD46727D04CFF00A66A20 /* ViewController.swift in Sources */ = {isa = PBXBuildFile; fileRef = BFFDD46627D04CFF00A66A20 /* ViewController.swift */; };
		BFFDD46A27D04CFF00A66A20 /* Main.storyboard in Resources */ = {isa = PBXBuildFile; fileRef = BFFDD46827D04CFF00A66A20 /* Main.storyboard */; };
		BFFDD46C27D04D0000A66A20 /* Assets.xcassets in Resources */ = {isa = PBXBuildFile; fileRef = BFFDD46B27D04D0000A66A20 /* Assets.xcassets */; };
		BFFDD46F27D04D0000A66A20 /* LaunchScreen.storyboard in Resources */ = {isa = PBXBuildFile; fileRef = BFFDD46D27D04D0000A66A20 /* LaunchScreen.storyboard */; };
		BFFDD47A27D04D0000A66A20 /* ParstagramTests.swift in Sources */ = {isa = PBXBuildFile; fileRef = BFFDD47927D04D0000A66A20 /* ParstagramTests.swift */; };
		BFFDD48427D04D0100A66A20 /* ParstagramUITests.swift in Sources */ = {isa = PBXBuildFile; fileRef = BFFDD48327D04D0100A66A20 /* ParstagramUITests.swift */; };
		BFFDD48627D04D0100A66A20 /* ParstagramUITestsLaunchTests.swift in Sources */ = {isa = PBXBuildFile; fileRef = BFFDD48527D04D0100A66A20 /* ParstagramUITestsLaunchTests.swift */; };
		BFFDD49527D0631D00A66A20 /* LoginViewController.swift in Sources */ = {isa = PBXBuildFile; fileRef = BFFDD49427D0631D00A66A20 /* LoginViewController.swift */; };
		BFFDD49727D0633000A66A20 /* FeedViewController.swift in Sources */ = {isa = PBXBuildFile; fileRef = BFFDD49627D0633000A66A20 /* FeedViewController.swift */; };
		BFFDD49927D06EE600A66A20 /* CameraViewController.swift in Sources */ = {isa = PBXBuildFile; fileRef = BFFDD49827D06EE600A66A20 /* CameraViewController.swift */; };
		BFFDD49B27D0707F00A66A20 /* PostCell.swift in Sources */ = {isa = PBXBuildFile; fileRef = BFFDD49A27D0707F00A66A20 /* PostCell.swift */; };
/* End PBXBuildFile section */

/* Begin PBXContainerItemProxy section */
		BFFDD47627D04D0000A66A20 /* PBXContainerItemProxy */ = {
			isa = PBXContainerItemProxy;
			containerPortal = BFFDD45727D04CFF00A66A20 /* Project object */;
			proxyType = 1;
			remoteGlobalIDString = BFFDD45E27D04CFF00A66A20;
			remoteInfo = Parstagram;
		};
		BFFDD48027D04D0100A66A20 /* PBXContainerItemProxy */ = {
			isa = PBXContainerItemProxy;
			containerPortal = BFFDD45727D04CFF00A66A20 /* Project object */;
			proxyType = 1;
			remoteGlobalIDString = BFFDD45E27D04CFF00A66A20;
			remoteInfo = Parstagram;
		};
/* End PBXContainerItemProxy section */

/* Begin PBXFileReference section */
		1BAF1B68B0238F9602954B02 /* Pods-Parstagram.release.xcconfig */ = {isa = PBXFileReference; includeInIndex = 1; lastKnownFileType = text.xcconfig; name = "Pods-Parstagram.release.xcconfig"; path = "Target Support Files/Pods-Parstagram/Pods-Parstagram.release.xcconfig"; sourceTree = "<group>"; };
		5794642553616792FF3F9C98 /* Pods_ParstagramTests.framework */ = {isa = PBXFileReference; explicitFileType = wrapper.framework; includeInIndex = 0; path = Pods_ParstagramTests.framework; sourceTree = BUILT_PRODUCTS_DIR; };
		63DBB9984E229F8C711AF3E5 /* Pods-Parstagram.debug.xcconfig */ = {isa = PBXFileReference; includeInIndex = 1; lastKnownFileType = text.xcconfig; name = "Pods-Parstagram.debug.xcconfig"; path = "Target Support Files/Pods-Parstagram/Pods-Parstagram.debug.xcconfig"; sourceTree = "<group>"; };
		69AF7742EA7606517B99C12A /* Pods_Parstagram.framework */ = {isa = PBXFileReference; explicitFileType = wrapper.framework; includeInIndex = 0; path = Pods_Parstagram.framework; sourceTree = BUILT_PRODUCTS_DIR; };
		86555DE650E193C81303F435 /* Pods-Parstagram-ParstagramUITests.release.xcconfig */ = {isa = PBXFileReference; includeInIndex = 1; lastKnownFileType = text.xcconfig; name = "Pods-Parstagram-ParstagramUITests.release.xcconfig"; path = "Target Support Files/Pods-Parstagram-ParstagramUITests/Pods-Parstagram-ParstagramUITests.release.xcconfig"; sourceTree = "<group>"; };
		BD3E2BACDF21CDB3CCBACD7C /* Pods-ParstagramTests.release.xcconfig */ = {isa = PBXFileReference; includeInIndex = 1; lastKnownFileType = text.xcconfig; name = "Pods-ParstagramTests.release.xcconfig"; path = "Target Support Files/Pods-ParstagramTests/Pods-ParstagramTests.release.xcconfig"; sourceTree = "<group>"; };
		BFFDD45F27D04CFF00A66A20 /* Parstagram.app */ = {isa = PBXFileReference; explicitFileType = wrapper.application; includeInIndex = 0; path = Parstagram.app; sourceTree = BUILT_PRODUCTS_DIR; };
		BFFDD46227D04CFF00A66A20 /* AppDelegate.swift */ = {isa = PBXFileReference; lastKnownFileType = sourcecode.swift; path = AppDelegate.swift; sourceTree = "<group>"; };
		BFFDD46427D04CFF00A66A20 /* SceneDelegate.swift */ = {isa = PBXFileReference; lastKnownFileType = sourcecode.swift; path = SceneDelegate.swift; sourceTree = "<group>"; };
		BFFDD46627D04CFF00A66A20 /* ViewController.swift */ = {isa = PBXFileReference; lastKnownFileType = sourcecode.swift; path = ViewController.swift; sourceTree = "<group>"; };
		BFFDD46927D04CFF00A66A20 /* Base */ = {isa = PBXFileReference; lastKnownFileType = file.storyboard; name = Base; path = Base.lproj/Main.storyboard; sourceTree = "<group>"; };
		BFFDD46B27D04D0000A66A20 /* Assets.xcassets */ = {isa = PBXFileReference; lastKnownFileType = folder.assetcatalog; path = Assets.xcassets; sourceTree = "<group>"; };
		BFFDD46E27D04D0000A66A20 /* Base */ = {isa = PBXFileReference; lastKnownFileType = file.storyboard; name = Base; path = Base.lproj/LaunchScreen.storyboard; sourceTree = "<group>"; };
		BFFDD47027D04D0000A66A20 /* Info.plist */ = {isa = PBXFileReference; lastKnownFileType = text.plist.xml; path = Info.plist; sourceTree = "<group>"; };
		BFFDD47527D04D0000A66A20 /* ParstagramTests.xctest */ = {isa = PBXFileReference; explicitFileType = wrapper.cfbundle; includeInIndex = 0; path = ParstagramTests.xctest; sourceTree = BUILT_PRODUCTS_DIR; };
		BFFDD47927D04D0000A66A20 /* ParstagramTests.swift */ = {isa = PBXFileReference; lastKnownFileType = sourcecode.swift; path = ParstagramTests.swift; sourceTree = "<group>"; };
		BFFDD47F27D04D0100A66A20 /* ParstagramUITests.xctest */ = {isa = PBXFileReference; explicitFileType = wrapper.cfbundle; includeInIndex = 0; path = ParstagramUITests.xctest; sourceTree = BUILT_PRODUCTS_DIR; };
		BFFDD48327D04D0100A66A20 /* ParstagramUITests.swift */ = {isa = PBXFileReference; lastKnownFileType = sourcecode.swift; path = ParstagramUITests.swift; sourceTree = "<group>"; };
		BFFDD48527D04D0100A66A20 /* ParstagramUITestsLaunchTests.swift */ = {isa = PBXFileReference; lastKnownFileType = sourcecode.swift; path = ParstagramUITestsLaunchTests.swift; sourceTree = "<group>"; };
		BFFDD49427D0631D00A66A20 /* LoginViewController.swift */ = {isa = PBXFileReference; lastKnownFileType = sourcecode.swift; path = LoginViewController.swift; sourceTree = "<group>"; };
		BFFDD49627D0633000A66A20 /* FeedViewController.swift */ = {isa = PBXFileReference; lastKnownFileType = sourcecode.swift; path = FeedViewController.swift; sourceTree = "<group>"; };
		BFFDD49827D06EE600A66A20 /* CameraViewController.swift */ = {isa = PBXFileReference; lastKnownFileType = sourcecode.swift; path = CameraViewController.swift; sourceTree = "<group>"; };
		BFFDD49A27D0707F00A66A20 /* PostCell.swift */ = {isa = PBXFileReference; lastKnownFileType = sourcecode.swift; path = PostCell.swift; sourceTree = "<group>"; };
		D4261827E2D53EF521DA5F29 /* Pods-Parstagram-ParstagramUITests.debug.xcconfig */ = {isa = PBXFileReference; includeInIndex = 1; lastKnownFileType = text.xcconfig; name = "Pods-Parstagram-ParstagramUITests.debug.xcconfig"; path = "Target Support Files/Pods-Parstagram-ParstagramUITests/Pods-Parstagram-ParstagramUITests.debug.xcconfig"; sourceTree = "<group>"; };
		DE43E95D8BB976260E1B0770 /* Pods_Parstagram_ParstagramUITests.framework */ = {isa = PBXFileReference; explicitFileType = wrapper.framework; includeInIndex = 0; path = Pods_Parstagram_ParstagramUITests.framework; sourceTree = BUILT_PRODUCTS_DIR; };
		E1CABEFA51C03CDBB3EFFC7A /* Pods-ParstagramTests.debug.xcconfig */ = {isa = PBXFileReference; includeInIndex = 1; lastKnownFileType = text.xcconfig; name = "Pods-ParstagramTests.debug.xcconfig"; path = "Target Support Files/Pods-ParstagramTests/Pods-ParstagramTests.debug.xcconfig"; sourceTree = "<group>"; };
/* End PBXFileReference section */

/* Begin PBXFrameworksBuildPhase section */
		BFFDD45C27D04CFF00A66A20 /* Frameworks */ = {
			isa = PBXFrameworksBuildPhase;
			buildActionMask = 2147483647;
			files = (
				A49A853540A1631A98885982 /* Pods_Parstagram.framework in Frameworks */,
			);
			runOnlyForDeploymentPostprocessing = 0;
		};
		BFFDD47227D04D0000A66A20 /* Frameworks */ = {
			isa = PBXFrameworksBuildPhase;
			buildActionMask = 2147483647;
			files = (
				76BCB91439A1D27E8701CE6F /* Pods_ParstagramTests.framework in Frameworks */,
			);
			runOnlyForDeploymentPostprocessing = 0;
		};
		BFFDD47C27D04D0100A66A20 /* Frameworks */ = {
			isa = PBXFrameworksBuildPhase;
			buildActionMask = 2147483647;
			files = (
				7C84DC60F92F6B024C131765 /* Pods_Parstagram_ParstagramUITests.framework in Frameworks */,
			);
			runOnlyForDeploymentPostprocessing = 0;
		};
/* End PBXFrameworksBuildPhase section */

/* Begin PBXGroup section */
		348C77D2E4CBA03D4E79F2BF /* Pods */ = {
			isa = PBXGroup;
			children = (
				63DBB9984E229F8C711AF3E5 /* Pods-Parstagram.debug.xcconfig */,
				1BAF1B68B0238F9602954B02 /* Pods-Parstagram.release.xcconfig */,
				D4261827E2D53EF521DA5F29 /* Pods-Parstagram-ParstagramUITests.debug.xcconfig */,
				86555DE650E193C81303F435 /* Pods-Parstagram-ParstagramUITests.release.xcconfig */,
				E1CABEFA51C03CDBB3EFFC7A /* Pods-ParstagramTests.debug.xcconfig */,
				BD3E2BACDF21CDB3CCBACD7C /* Pods-ParstagramTests.release.xcconfig */,
			);
			path = Pods;
			sourceTree = "<group>";
		};
		75609AFF293A4F7A4D083691 /* Frameworks */ = {
			isa = PBXGroup;
			children = (
				69AF7742EA7606517B99C12A /* Pods_Parstagram.framework */,
				DE43E95D8BB976260E1B0770 /* Pods_Parstagram_ParstagramUITests.framework */,
				5794642553616792FF3F9C98 /* Pods_ParstagramTests.framework */,
			);
			name = Frameworks;
			sourceTree = "<group>";
		};
		BFFDD45627D04CFF00A66A20 = {
			isa = PBXGroup;
			children = (
				BFFDD46127D04CFF00A66A20 /* Parstagram */,
				BFFDD47827D04D0000A66A20 /* ParstagramTests */,
				BFFDD48227D04D0100A66A20 /* ParstagramUITests */,
				BFFDD46027D04CFF00A66A20 /* Products */,
				348C77D2E4CBA03D4E79F2BF /* Pods */,
				75609AFF293A4F7A4D083691 /* Frameworks */,
			);
			sourceTree = "<group>";
		};
		BFFDD46027D04CFF00A66A20 /* Products */ = {
			isa = PBXGroup;
			children = (
				BFFDD45F27D04CFF00A66A20 /* Parstagram.app */,
				BFFDD47527D04D0000A66A20 /* ParstagramTests.xctest */,
				BFFDD47F27D04D0100A66A20 /* ParstagramUITests.xctest */,
			);
			name = Products;
			sourceTree = "<group>";
		};
		BFFDD46127D04CFF00A66A20 /* Parstagram */ = {
			isa = PBXGroup;
			children = (
				BFFDD46227D04CFF00A66A20 /* AppDelegate.swift */,
				BFFDD46427D04CFF00A66A20 /* SceneDelegate.swift */,
				BFFDD46627D04CFF00A66A20 /* ViewController.swift */,
				BFFDD46827D04CFF00A66A20 /* Main.storyboard */,
				BFFDD46B27D04D0000A66A20 /* Assets.xcassets */,
				BFFDD46D27D04D0000A66A20 /* LaunchScreen.storyboard */,
				BFFDD47027D04D0000A66A20 /* Info.plist */,
				BFFDD49427D0631D00A66A20 /* LoginViewController.swift */,
				BFFDD49627D0633000A66A20 /* FeedViewController.swift */,
				BFFDD49827D06EE600A66A20 /* CameraViewController.swift */,
				BFFDD49A27D0707F00A66A20 /* PostCell.swift */,
			);
			path = Parstagram;
			sourceTree = "<group>";
		};
		BFFDD47827D04D0000A66A20 /* ParstagramTests */ = {
			isa = PBXGroup;
			children = (
				BFFDD47927D04D0000A66A20 /* ParstagramTests.swift */,
			);
			path = ParstagramTests;
			sourceTree = "<group>";
		};
		BFFDD48227D04D0100A66A20 /* ParstagramUITests */ = {
			isa = PBXGroup;
			children = (
				BFFDD48327D04D0100A66A20 /* ParstagramUITests.swift */,
				BFFDD48527D04D0100A66A20 /* ParstagramUITestsLaunchTests.swift */,
			);
			path = ParstagramUITests;
			sourceTree = "<group>";
		};
/* End PBXGroup section */

/* Begin PBXNativeTarget section */
		BFFDD45E27D04CFF00A66A20 /* Parstagram */ = {
			isa = PBXNativeTarget;
			buildConfigurationList = BFFDD48927D04D0100A66A20 /* Build configuration list for PBXNativeTarget "Parstagram" */;
			buildPhases = (
				2DF69C877A5876C68DFBF6CF /* [CP] Check Pods Manifest.lock */,
				BFFDD45B27D04CFF00A66A20 /* Sources */,
				BFFDD45C27D04CFF00A66A20 /* Frameworks */,
				BFFDD45D27D04CFF00A66A20 /* Resources */,
				B45FAA7202BA5F0B62F85603 /* [CP] Embed Pods Frameworks */,
			);
			buildRules = (
			);
			dependencies = (
			);
			name = Parstagram;
			productName = Parstagram;
			productReference = BFFDD45F27D04CFF00A66A20 /* Parstagram.app */;
			productType = "com.apple.product-type.application";
		};
		BFFDD47427D04D0000A66A20 /* ParstagramTests */ = {
			isa = PBXNativeTarget;
			buildConfigurationList = BFFDD48C27D04D0100A66A20 /* Build configuration list for PBXNativeTarget "ParstagramTests" */;
			buildPhases = (
				22784C5E03E68D6F9BB9E97D /* [CP] Check Pods Manifest.lock */,
				BFFDD47127D04D0000A66A20 /* Sources */,
				BFFDD47227D04D0000A66A20 /* Frameworks */,
				BFFDD47327D04D0000A66A20 /* Resources */,
			);
			buildRules = (
			);
			dependencies = (
				BFFDD47727D04D0000A66A20 /* PBXTargetDependency */,
			);
			name = ParstagramTests;
			productName = ParstagramTests;
			productReference = BFFDD47527D04D0000A66A20 /* ParstagramTests.xctest */;
			productType = "com.apple.product-type.bundle.unit-test";
		};
		BFFDD47E27D04D0100A66A20 /* ParstagramUITests */ = {
			isa = PBXNativeTarget;
			buildConfigurationList = BFFDD48F27D04D0100A66A20 /* Build configuration list for PBXNativeTarget "ParstagramUITests" */;
			buildPhases = (
				E4A5EA098D343393324815BE /* [CP] Check Pods Manifest.lock */,
				BFFDD47B27D04D0100A66A20 /* Sources */,
				BFFDD47C27D04D0100A66A20 /* Frameworks */,
				BFFDD47D27D04D0100A66A20 /* Resources */,
				0E5B59B8A4B2F545DE206724 /* [CP] Embed Pods Frameworks */,
			);
			buildRules = (
			);
			dependencies = (
				BFFDD48127D04D0100A66A20 /* PBXTargetDependency */,
			);
			name = ParstagramUITests;
			productName = ParstagramUITests;
			productReference = BFFDD47F27D04D0100A66A20 /* ParstagramUITests.xctest */;
			productType = "com.apple.product-type.bundle.ui-testing";
		};
/* End PBXNativeTarget section */

/* Begin PBXProject section */
		BFFDD45727D04CFF00A66A20 /* Project object */ = {
			isa = PBXProject;
			attributes = {
				BuildIndependentTargetsInParallel = 1;
				LastSwiftUpdateCheck = 1320;
				LastUpgradeCheck = 1320;
				TargetAttributes = {
					BFFDD45E27D04CFF00A66A20 = {
						CreatedOnToolsVersion = 13.2.1;
					};
					BFFDD47427D04D0000A66A20 = {
						CreatedOnToolsVersion = 13.2.1;
						TestTargetID = BFFDD45E27D04CFF00A66A20;
					};
					BFFDD47E27D04D0100A66A20 = {
						CreatedOnToolsVersion = 13.2.1;
						TestTargetID = BFFDD45E27D04CFF00A66A20;
					};
				};
			};
			buildConfigurationList = BFFDD45A27D04CFF00A66A20 /* Build configuration list for PBXProject "Parstagram" */;
			compatibilityVersion = "Xcode 13.0";
			developmentRegion = en;
			hasScannedForEncodings = 0;
			knownRegions = (
				en,
				Base,
			);
			mainGroup = BFFDD45627D04CFF00A66A20;
			productRefGroup = BFFDD46027D04CFF00A66A20 /* Products */;
			projectDirPath = "";
			projectRoot = "";
			targets = (
				BFFDD45E27D04CFF00A66A20 /* Parstagram */,
				BFFDD47427D04D0000A66A20 /* ParstagramTests */,
				BFFDD47E27D04D0100A66A20 /* ParstagramUITests */,
			);
		};
/* End PBXProject section */

/* Begin PBXResourcesBuildPhase section */
		BFFDD45D27D04CFF00A66A20 /* Resources */ = {
			isa = PBXResourcesBuildPhase;
			buildActionMask = 2147483647;
			files = (
				BFFDD46F27D04D0000A66A20 /* LaunchScreen.storyboard in Resources */,
				BFFDD46C27D04D0000A66A20 /* Assets.xcassets in Resources */,
				BFFDD46A27D04CFF00A66A20 /* Main.storyboard in Resources */,
			);
			runOnlyForDeploymentPostprocessing = 0;
		};
		BFFDD47327D04D0000A66A20 /* Resources */ = {
			isa = PBXResourcesBuildPhase;
			buildActionMask = 2147483647;
			files = (
			);
			runOnlyForDeploymentPostprocessing = 0;
		};
		BFFDD47D27D04D0100A66A20 /* Resources */ = {
			isa = PBXResourcesBuildPhase;
			buildActionMask = 2147483647;
			files = (
			);
			runOnlyForDeploymentPostprocessing = 0;
		};
/* End PBXResourcesBuildPhase section */

/* Begin PBXShellScriptBuildPhase section */
		0E5B59B8A4B2F545DE206724 /* [CP] Embed Pods Frameworks */ = {
			isa = PBXShellScriptBuildPhase;
			buildActionMask = 2147483647;
			files = (
			);
			inputFileListPaths = (
				"${PODS_ROOT}/Target Support Files/Pods-Parstagram-ParstagramUITests/Pods-Parstagram-ParstagramUITests-frameworks-${CONFIGURATION}-input-files.xcfilelist",
			);
			name = "[CP] Embed Pods Frameworks";
			outputFileListPaths = (
				"${PODS_ROOT}/Target Support Files/Pods-Parstagram-ParstagramUITests/Pods-Parstagram-ParstagramUITests-frameworks-${CONFIGURATION}-output-files.xcfilelist",
			);
			runOnlyForDeploymentPostprocessing = 0;
			shellPath = /bin/sh;
			shellScript = "\"${PODS_ROOT}/Target Support Files/Pods-Parstagram-ParstagramUITests/Pods-Parstagram-ParstagramUITests-frameworks.sh\"\n";
			showEnvVarsInLog = 0;
		};
		22784C5E03E68D6F9BB9E97D /* [CP] Check Pods Manifest.lock */ = {
			isa = PBXShellScriptBuildPhase;
			buildActionMask = 2147483647;
			files = (
			);
			inputFileListPaths = (
			);
			inputPaths = (
				"${PODS_PODFILE_DIR_PATH}/Podfile.lock",
				"${PODS_ROOT}/Manifest.lock",
			);
			name = "[CP] Check Pods Manifest.lock";
			outputFileListPaths = (
			);
			outputPaths = (
				"$(DERIVED_FILE_DIR)/Pods-ParstagramTests-checkManifestLockResult.txt",
			);
			runOnlyForDeploymentPostprocessing = 0;
			shellPath = /bin/sh;
			shellScript = "diff \"${PODS_PODFILE_DIR_PATH}/Podfile.lock\" \"${PODS_ROOT}/Manifest.lock\" > /dev/null\nif [ $? != 0 ] ; then\n    # print error to STDERR\n    echo \"error: The sandbox is not in sync with the Podfile.lock. Run 'pod install' or update your CocoaPods installation.\" >&2\n    exit 1\nfi\n# This output is used by Xcode 'outputs' to avoid re-running this script phase.\necho \"SUCCESS\" > \"${SCRIPT_OUTPUT_FILE_0}\"\n";
			showEnvVarsInLog = 0;
		};
		2DF69C877A5876C68DFBF6CF /* [CP] Check Pods Manifest.lock */ = {
			isa = PBXShellScriptBuildPhase;
			buildActionMask = 2147483647;
			files = (
			);
			inputFileListPaths = (
			);
			inputPaths = (
				"${PODS_PODFILE_DIR_PATH}/Podfile.lock",
				"${PODS_ROOT}/Manifest.lock",
			);
			name = "[CP] Check Pods Manifest.lock";
			outputFileListPaths = (
			);
			outputPaths = (
				"$(DERIVED_FILE_DIR)/Pods-Parstagram-checkManifestLockResult.txt",
			);
			runOnlyForDeploymentPostprocessing = 0;
			shellPath = /bin/sh;
			shellScript = "diff \"${PODS_PODFILE_DIR_PATH}/Podfile.lock\" \"${PODS_ROOT}/Manifest.lock\" > /dev/null\nif [ $? != 0 ] ; then\n    # print error to STDERR\n    echo \"error: The sandbox is not in sync with the Podfile.lock. Run 'pod install' or update your CocoaPods installation.\" >&2\n    exit 1\nfi\n# This output is used by Xcode 'outputs' to avoid re-running this script phase.\necho \"SUCCESS\" > \"${SCRIPT_OUTPUT_FILE_0}\"\n";
			showEnvVarsInLog = 0;
		};
		B45FAA7202BA5F0B62F85603 /* [CP] Embed Pods Frameworks */ = {
			isa = PBXShellScriptBuildPhase;
			buildActionMask = 2147483647;
			files = (
			);
			inputFileListPaths = (
				"${PODS_ROOT}/Target Support Files/Pods-Parstagram/Pods-Parstagram-frameworks-${CONFIGURATION}-input-files.xcfilelist",
			);
			name = "[CP] Embed Pods Frameworks";
			outputFileListPaths = (
				"${PODS_ROOT}/Target Support Files/Pods-Parstagram/Pods-Parstagram-frameworks-${CONFIGURATION}-output-files.xcfilelist",
			);
			runOnlyForDeploymentPostprocessing = 0;
			shellPath = /bin/sh;
			shellScript = "\"${PODS_ROOT}/Target Support Files/Pods-Parstagram/Pods-Parstagram-frameworks.sh\"\n";
			showEnvVarsInLog = 0;
		};
		E4A5EA098D343393324815BE /* [CP] Check Pods Manifest.lock */ = {
			isa = PBXShellScriptBuildPhase;
			buildActionMask = 2147483647;
			files = (
			);
			inputFileListPaths = (
			);
			inputPaths = (
				"${PODS_PODFILE_DIR_PATH}/Podfile.lock",
				"${PODS_ROOT}/Manifest.lock",
			);
			name = "[CP] Check Pods Manifest.lock";
			outputFileListPaths = (
			);
			outputPaths = (
				"$(DERIVED_FILE_DIR)/Pods-Parstagram-ParstagramUITests-checkManifestLockResult.txt",
			);
			runOnlyForDeploymentPostprocessing = 0;
			shellPath = /bin/sh;
			shellScript = "diff \"${PODS_PODFILE_DIR_PATH}/Podfile.lock\" \"${PODS_ROOT}/Manifest.lock\" > /dev/null\nif [ $? != 0 ] ; then\n    # print error to STDERR\n    echo \"error: The sandbox is not in sync with the Podfile.lock. Run 'pod install' or update your CocoaPods installation.\" >&2\n    exit 1\nfi\n# This output is used by Xcode 'outputs' to avoid re-running this script phase.\necho \"SUCCESS\" > \"${SCRIPT_OUTPUT_FILE_0}\"\n";
			showEnvVarsInLog = 0;
		};
/* End PBXShellScriptBuildPhase section */

/* Begin PBXSourcesBuildPhase section */
		BFFDD45B27D04CFF00A66A20 /* Sources */ = {
			isa = PBXSourcesBuildPhase;
			buildActionMask = 2147483647;
			files = (
				BFFDD49B27D0707F00A66A20 /* PostCell.swift in Sources */,
				BFFDD49527D0631D00A66A20 /* LoginViewController.swift in Sources */,
				BFFDD46727D04CFF00A66A20 /* ViewController.swift in Sources */,
				BFFDD49727D0633000A66A20 /* FeedViewController.swift in Sources */,
				BFFDD46327D04CFF00A66A20 /* AppDelegate.swift in Sources */,
				BFFDD46527D04CFF00A66A20 /* SceneDelegate.swift in Sources */,
				BFFDD49927D06EE600A66A20 /* CameraViewController.swift in Sources */,
			);
			runOnlyForDeploymentPostprocessing = 0;
		};
		BFFDD47127D04D0000A66A20 /* Sources */ = {
			isa = PBXSourcesBuildPhase;
			buildActionMask = 2147483647;
			files = (
				BFFDD47A27D04D0000A66A20 /* ParstagramTests.swift in Sources */,
			);
			runOnlyForDeploymentPostprocessing = 0;
		};
		BFFDD47B27D04D0100A66A20 /* Sources */ = {
			isa = PBXSourcesBuildPhase;
			buildActionMask = 2147483647;
			files = (
				BFFDD48627D04D0100A66A20 /* ParstagramUITestsLaunchTests.swift in Sources */,
				BFFDD48427D04D0100A66A20 /* ParstagramUITests.swift in Sources */,
			);
			runOnlyForDeploymentPostprocessing = 0;
		};
/* End PBXSourcesBuildPhase section */

/* Begin PBXTargetDependency section */
		BFFDD47727D04D0000A66A20 /* PBXTargetDependency */ = {
			isa = PBXTargetDependency;
			target = BFFDD45E27D04CFF00A66A20 /* Parstagram */;
			targetProxy = BFFDD47627D04D0000A66A20 /* PBXContainerItemProxy */;
		};
		BFFDD48127D04D0100A66A20 /* PBXTargetDependency */ = {
			isa = PBXTargetDependency;
			target = BFFDD45E27D04CFF00A66A20 /* Parstagram */;
			targetProxy = BFFDD48027D04D0100A66A20 /* PBXContainerItemProxy */;
		};
/* End PBXTargetDependency section */

/* Begin PBXVariantGroup section */
		BFFDD46827D04CFF00A66A20 /* Main.storyboard */ = {
			isa = PBXVariantGroup;
			children = (
				BFFDD46927D04CFF00A66A20 /* Base */,
			);
			name = Main.storyboard;
			sourceTree = "<group>";
		};
		BFFDD46D27D04D0000A66A20 /* LaunchScreen.storyboard */ = {
			isa = PBXVariantGroup;
			children = (
				BFFDD46E27D04D0000A66A20 /* Base */,
			);
			name = LaunchScreen.storyboard;
			sourceTree = "<group>";
		};
/* End PBXVariantGroup section */

/* Begin XCBuildConfiguration section */
		BFFDD48727D04D0100A66A20 /* Debug */ = {
			isa = XCBuildConfiguration;
			buildSettings = {
				ALWAYS_SEARCH_USER_PATHS = NO;
				CLANG_ANALYZER_NONNULL = YES;
				CLANG_ANALYZER_NUMBER_OBJECT_CONVERSION = YES_AGGRESSIVE;
				CLANG_CXX_LANGUAGE_STANDARD = "gnu++17";
				CLANG_CXX_LIBRARY = "libc++";
				CLANG_ENABLE_MODULES = YES;
				CLANG_ENABLE_OBJC_ARC = YES;
				CLANG_ENABLE_OBJC_WEAK = YES;
				CLANG_WARN_BLOCK_CAPTURE_AUTORELEASING = YES;
				CLANG_WARN_BOOL_CONVERSION = YES;
				CLANG_WARN_COMMA = YES;
				CLANG_WARN_CONSTANT_CONVERSION = YES;
				CLANG_WARN_DEPRECATED_OBJC_IMPLEMENTATIONS = YES;
				CLANG_WARN_DIRECT_OBJC_ISA_USAGE = YES_ERROR;
				CLANG_WARN_DOCUMENTATION_COMMENTS = YES;
				CLANG_WARN_EMPTY_BODY = YES;
				CLANG_WARN_ENUM_CONVERSION = YES;
				CLANG_WARN_INFINITE_RECURSION = YES;
				CLANG_WARN_INT_CONVERSION = YES;
				CLANG_WARN_NON_LITERAL_NULL_CONVERSION = YES;
				CLANG_WARN_OBJC_IMPLICIT_RETAIN_SELF = YES;
				CLANG_WARN_OBJC_LITERAL_CONVERSION = YES;
				CLANG_WARN_OBJC_ROOT_CLASS = YES_ERROR;
				CLANG_WARN_QUOTED_INCLUDE_IN_FRAMEWORK_HEADER = YES;
				CLANG_WARN_RANGE_LOOP_ANALYSIS = YES;
				CLANG_WARN_STRICT_PROTOTYPES = YES;
				CLANG_WARN_SUSPICIOUS_MOVE = YES;
				CLANG_WARN_UNGUARDED_AVAILABILITY = YES_AGGRESSIVE;
				CLANG_WARN_UNREACHABLE_CODE = YES;
				CLANG_WARN__DUPLICATE_METHOD_MATCH = YES;
				COPY_PHASE_STRIP = NO;
				DEBUG_INFORMATION_FORMAT = dwarf;
				ENABLE_STRICT_OBJC_MSGSEND = YES;
				ENABLE_TESTABILITY = YES;
				GCC_C_LANGUAGE_STANDARD = gnu11;
				GCC_DYNAMIC_NO_PIC = NO;
				GCC_NO_COMMON_BLOCKS = YES;
				GCC_OPTIMIZATION_LEVEL = 0;
				GCC_PREPROCESSOR_DEFINITIONS = (
					"DEBUG=1",
					"$(inherited)",
				);
				GCC_WARN_64_TO_32_BIT_CONVERSION = YES;
				GCC_WARN_ABOUT_RETURN_TYPE = YES_ERROR;
				GCC_WARN_UNDECLARED_SELECTOR = YES;
				GCC_WARN_UNINITIALIZED_AUTOS = YES_AGGRESSIVE;
				GCC_WARN_UNUSED_FUNCTION = YES;
				GCC_WARN_UNUSED_VARIABLE = YES;
				IPHONEOS_DEPLOYMENT_TARGET = 15.2;
				MTL_ENABLE_DEBUG_INFO = INCLUDE_SOURCE;
				MTL_FAST_MATH = YES;
				ONLY_ACTIVE_ARCH = YES;
				SDKROOT = iphoneos;
				SWIFT_ACTIVE_COMPILATION_CONDITIONS = DEBUG;
				SWIFT_OPTIMIZATION_LEVEL = "-Onone";
			};
			name = Debug;
		};
		BFFDD48827D04D0100A66A20 /* Release */ = {
			isa = XCBuildConfiguration;
			buildSettings = {
				ALWAYS_SEARCH_USER_PATHS = NO;
				CLANG_ANALYZER_NONNULL = YES;
				CLANG_ANALYZER_NUMBER_OBJECT_CONVERSION = YES_AGGRESSIVE;
				CLANG_CXX_LANGUAGE_STANDARD = "gnu++17";
				CLANG_CXX_LIBRARY = "libc++";
				CLANG_ENABLE_MODULES = YES;
				CLANG_ENABLE_OBJC_ARC = YES;
				CLANG_ENABLE_OBJC_WEAK = YES;
				CLANG_WARN_BLOCK_CAPTURE_AUTORELEASING = YES;
				CLANG_WARN_BOOL_CONVERSION = YES;
				CLANG_WARN_COMMA = YES;
				CLANG_WARN_CONSTANT_CONVERSION = YES;
				CLANG_WARN_DEPRECATED_OBJC_IMPLEMENTATIONS = YES;
				CLANG_WARN_DIRECT_OBJC_ISA_USAGE = YES_ERROR;
				CLANG_WARN_DOCUMENTATION_COMMENTS = YES;
				CLANG_WARN_EMPTY_BODY = YES;
				CLANG_WARN_ENUM_CONVERSION = YES;
				CLANG_WARN_INFINITE_RECURSION = YES;
				CLANG_WARN_INT_CONVERSION = YES;
				CLANG_WARN_NON_LITERAL_NULL_CONVERSION = YES;
				CLANG_WARN_OBJC_IMPLICIT_RETAIN_SELF = YES;
				CLANG_WARN_OBJC_LITERAL_CONVERSION = YES;
				CLANG_WARN_OBJC_ROOT_CLASS = YES_ERROR;
				CLANG_WARN_QUOTED_INCLUDE_IN_FRAMEWORK_HEADER = YES;
				CLANG_WARN_RANGE_LOOP_ANALYSIS = YES;
				CLANG_WARN_STRICT_PROTOTYPES = YES;
				CLANG_WARN_SUSPICIOUS_MOVE = YES;
				CLANG_WARN_UNGUARDED_AVAILABILITY = YES_AGGRESSIVE;
				CLANG_WARN_UNREACHABLE_CODE = YES;
				CLANG_WARN__DUPLICATE_METHOD_MATCH = YES;
				COPY_PHASE_STRIP = NO;
				DEBUG_INFORMATION_FORMAT = "dwarf-with-dsym";
				ENABLE_NS_ASSERTIONS = NO;
				ENABLE_STRICT_OBJC_MSGSEND = YES;
				GCC_C_LANGUAGE_STANDARD = gnu11;
				GCC_NO_COMMON_BLOCKS = YES;
				GCC_WARN_64_TO_32_BIT_CONVERSION = YES;
				GCC_WARN_ABOUT_RETURN_TYPE = YES_ERROR;
				GCC_WARN_UNDECLARED_SELECTOR = YES;
				GCC_WARN_UNINITIALIZED_AUTOS = YES_AGGRESSIVE;
				GCC_WARN_UNUSED_FUNCTION = YES;
				GCC_WARN_UNUSED_VARIABLE = YES;
				IPHONEOS_DEPLOYMENT_TARGET = 15.2;
				MTL_ENABLE_DEBUG_INFO = NO;
				MTL_FAST_MATH = YES;
				SDKROOT = iphoneos;
				SWIFT_COMPILATION_MODE = wholemodule;
				SWIFT_OPTIMIZATION_LEVEL = "-O";
				VALIDATE_PRODUCT = YES;
			};
			name = Release;
		};
		BFFDD48A27D04D0100A66A20 /* Debug */ = {
			isa = XCBuildConfiguration;
			baseConfigurationReference = 63DBB9984E229F8C711AF3E5 /* Pods-Parstagram.debug.xcconfig */;
			buildSettings = {
				ASSETCATALOG_COMPILER_APPICON_NAME = AppIcon;
				ASSETCATALOG_COMPILER_GLOBAL_ACCENT_COLOR_NAME = AccentColor;
				CODE_SIGN_STYLE = Automatic;
				CURRENT_PROJECT_VERSION = 1;
				DEVELOPMENT_TEAM = B27JB66XY2;
				GENERATE_INFOPLIST_FILE = YES;
				INFOPLIST_FILE = Parstagram/Info.plist;
				INFOPLIST_KEY_UIApplicationSupportsIndirectInputEvents = YES;
				INFOPLIST_KEY_UILaunchStoryboardName = LaunchScreen;
				INFOPLIST_KEY_UIMainStoryboardFile = Main;
				INFOPLIST_KEY_UISupportedInterfaceOrientations_iPad = "UIInterfaceOrientationPortrait UIInterfaceOrientationPortraitUpsideDown UIInterfaceOrientationLandscapeLeft UIInterfaceOrientationLandscapeRight";
				INFOPLIST_KEY_UISupportedInterfaceOrientations_iPhone = "UIInterfaceOrientationPortrait UIInterfaceOrientationLandscapeLeft UIInterfaceOrientationLandscapeRight";
				LD_RUNPATH_SEARCH_PATHS = (
					"$(inherited)",
					"@executable_path/Frameworks",
				);
				MARKETING_VERSION = 1.0;
				PRODUCT_BUNDLE_IDENTIFIER = com.clements.Parstagram;
				PRODUCT_NAME = "$(TARGET_NAME)";
				SWIFT_EMIT_LOC_STRINGS = YES;
				SWIFT_VERSION = 5.0;
				TARGETED_DEVICE_FAMILY = "1,2";
			};
			name = Debug;
		};
		BFFDD48B27D04D0100A66A20 /* Release */ = {
			isa = XCBuildConfiguration;
			baseConfigurationReference = 1BAF1B68B0238F9602954B02 /* Pods-Parstagram.release.xcconfig */;
			buildSettings = {
				ASSETCATALOG_COMPILER_APPICON_NAME = AppIcon;
				ASSETCATALOG_COMPILER_GLOBAL_ACCENT_COLOR_NAME = AccentColor;
				CODE_SIGN_STYLE = Automatic;
				CURRENT_PROJECT_VERSION = 1;
				DEVELOPMENT_TEAM = B27JB66XY2;
				GENERATE_INFOPLIST_FILE = YES;
				INFOPLIST_FILE = Parstagram/Info.plist;
				INFOPLIST_KEY_UIApplicationSupportsIndirectInputEvents = YES;
				INFOPLIST_KEY_UILaunchStoryboardName = LaunchScreen;
				INFOPLIST_KEY_UIMainStoryboardFile = Main;
				INFOPLIST_KEY_UISupportedInterfaceOrientations_iPad = "UIInterfaceOrientationPortrait UIInterfaceOrientationPortraitUpsideDown UIInterfaceOrientationLandscapeLeft UIInterfaceOrientationLandscapeRight";
				INFOPLIST_KEY_UISupportedInterfaceOrientations_iPhone = "UIInterfaceOrientationPortrait UIInterfaceOrientationLandscapeLeft UIInterfaceOrientationLandscapeRight";
				LD_RUNPATH_SEARCH_PATHS = (
					"$(inherited)",
					"@executable_path/Frameworks",
				);
				MARKETING_VERSION = 1.0;
				PRODUCT_BUNDLE_IDENTIFIER = com.clements.Parstagram;
				PRODUCT_NAME = "$(TARGET_NAME)";
				SWIFT_EMIT_LOC_STRINGS = YES;
				SWIFT_VERSION = 5.0;
				TARGETED_DEVICE_FAMILY = "1,2";
			};
			name = Release;
		};
		BFFDD48D27D04D0100A66A20 /* Debug */ = {
			isa = XCBuildConfiguration;
			baseConfigurationReference = E1CABEFA51C03CDBB3EFFC7A /* Pods-ParstagramTests.debug.xcconfig */;
			buildSettings = {
				ALWAYS_EMBED_SWIFT_STANDARD_LIBRARIES = YES;
				BUNDLE_LOADER = "$(TEST_HOST)";
				CODE_SIGN_STYLE = Automatic;
				CURRENT_PROJECT_VERSION = 1;
				DEVELOPMENT_TEAM = B27JB66XY2;
				GENERATE_INFOPLIST_FILE = YES;
				IPHONEOS_DEPLOYMENT_TARGET = 15.2;
				MARKETING_VERSION = 1.0;
				PRODUCT_BUNDLE_IDENTIFIER = com.clements.ParstagramTests;
				PRODUCT_NAME = "$(TARGET_NAME)";
				SWIFT_EMIT_LOC_STRINGS = NO;
				SWIFT_VERSION = 5.0;
				TARGETED_DEVICE_FAMILY = "1,2";
				TEST_HOST = "$(BUILT_PRODUCTS_DIR)/Parstagram.app/Parstagram";
			};
			name = Debug;
		};
		BFFDD48E27D04D0100A66A20 /* Release */ = {
			isa = XCBuildConfiguration;
			baseConfigurationReference = BD3E2BACDF21CDB3CCBACD7C /* Pods-ParstagramTests.release.xcconfig */;
			buildSettings = {
				ALWAYS_EMBED_SWIFT_STANDARD_LIBRARIES = YES;
				BUNDLE_LOADER = "$(TEST_HOST)";
				CODE_SIGN_STYLE = Automatic;
				CURRENT_PROJECT_VERSION = 1;
				DEVELOPMENT_TEAM = B27JB66XY2;
				GENERATE_INFOPLIST_FILE = YES;
				IPHONEOS_DEPLOYMENT_TARGET = 15.2;
				MARKETING_VERSION = 1.0;
				PRODUCT_BUNDLE_IDENTIFIER = com.clements.ParstagramTests;
				PRODUCT_NAME = "$(TARGET_NAME)";
				SWIFT_EMIT_LOC_STRINGS = NO;
				SWIFT_VERSION = 5.0;
				TARGETED_DEVICE_FAMILY = "1,2";
				TEST_HOST = "$(BUILT_PRODUCTS_DIR)/Parstagram.app/Parstagram";
			};
			name = Release;
		};
		BFFDD49027D04D0100A66A20 /* Debug */ = {
			isa = XCBuildConfiguration;
			baseConfigurationReference = D4261827E2D53EF521DA5F29 /* Pods-Parstagram-ParstagramUITests.debug.xcconfig */;
			buildSettings = {
				ALWAYS_EMBED_SWIFT_STANDARD_LIBRARIES = YES;
				CODE_SIGN_STYLE = Automatic;
				CURRENT_PROJECT_VERSION = 1;
				DEVELOPMENT_TEAM = B27JB66XY2;
				GENERATE_INFOPLIST_FILE = YES;
				MARKETING_VERSION = 1.0;
				PRODUCT_BUNDLE_IDENTIFIER = com.clements.ParstagramUITests;
				PRODUCT_NAME = "$(TARGET_NAME)";
				SWIFT_EMIT_LOC_STRINGS = NO;
				SWIFT_VERSION = 5.0;
				TARGETED_DEVICE_FAMILY = "1,2";
				TEST_TARGET_NAME = Parstagram;
			};
			name = Debug;
		};
		BFFDD49127D04D0100A66A20 /* Release */ = {
			isa = XCBuildConfiguration;
			baseConfigurationReference = 86555DE650E193C81303F435 /* Pods-Parstagram-ParstagramUITests.release.xcconfig */;
			buildSettings = {
				ALWAYS_EMBED_SWIFT_STANDARD_LIBRARIES = YES;
				CODE_SIGN_STYLE = Automatic;
				CURRENT_PROJECT_VERSION = 1;
				DEVELOPMENT_TEAM = B27JB66XY2;
				GENERATE_INFOPLIST_FILE = YES;
				MARKETING_VERSION = 1.0;
				PRODUCT_BUNDLE_IDENTIFIER = com.clements.ParstagramUITests;
				PRODUCT_NAME = "$(TARGET_NAME)";
				SWIFT_EMIT_LOC_STRINGS = NO;
				SWIFT_VERSION = 5.0;
				TARGETED_DEVICE_FAMILY = "1,2";
				TEST_TARGET_NAME = Parstagram;
			};
			name = Release;
		};
/* End XCBuildConfiguration section */

/* Begin XCConfigurationList section */
		BFFDD45A27D04CFF00A66A20 /* Build configuration list for PBXProject "Parstagram" */ = {
			isa = XCConfigurationList;
			buildConfigurations = (
				BFFDD48727D04D0100A66A20 /* Debug */,
				BFFDD48827D04D0100A66A20 /* Release */,
			);
			defaultConfigurationIsVisible = 0;
			defaultConfigurationName = Release;
		};
		BFFDD48927D04D0100A66A20 /* Build configuration list for PBXNativeTarget "Parstagram" */ = {
			isa = XCConfigurationList;
			buildConfigurations = (
				BFFDD48A27D04D0100A66A20 /* Debug */,
				BFFDD48B27D04D0100A66A20 /* Release */,
			);
			defaultConfigurationIsVisible = 0;
			defaultConfigurationName = Release;
		};
		BFFDD48C27D04D0100A66A20 /* Build configuration list for PBXNativeTarget "ParstagramTests" */ = {
			isa = XCConfigurationList;
			buildConfigurations = (
				BFFDD48D27D04D0100A66A20 /* Debug */,
				BFFDD48E27D04D0100A66A20 /* Release */,
			);
			defaultConfigurationIsVisible = 0;
			defaultConfigurationName = Release;
		};
		BFFDD48F27D04D0100A66A20 /* Build configuration list for PBXNativeTarget "ParstagramUITests" */ = {
			isa = XCConfigurationList;
			buildConfigurations = (
				BFFDD49027D04D0100A66A20 /* Debug */,
				BFFDD49127D04D0100A66A20 /* Release */,
			);
			defaultConfigurationIsVisible = 0;
			defaultConfigurationName = Release;
		};
/* End XCConfigurationList section */
	};
	rootObject = BFFDD45727D04CFF00A66A20 /* Project object */;
}
